
Microsoft Visual Studio Solution File, Format Version 11.00
# Visual Studio 2010
# SharpDevelop 5.1
Project("{FAE04EC0-301F-11D3-BF4B-00C04F79EFBC}") = "myFirstHomeWork", "myFirstHomeWork\myFirstHomeWork.csproj", "{405677A4-5B6B-4D4E-8F41-FE6160E4441B}"
EndProject
Global
	GlobalSection(SolutionConfigurationPlatforms) = preSolution
		Debug|Any CPU = Debug|Any CPU
		Release|Any CPU = Release|Any CPU
	EndGlobalSection
	GlobalSection(ProjectConfigurationPlatforms) = postSolution
		{405677A4-5B6B-4D4E-8F41-FE6160E4441B}.Debug|Any CPU.ActiveCfg = Debug|Any CPU
		{405677A4-5B6B-4D4E-8F41-FE6160E4441B}.Debug|Any CPU.Build.0 = Debug|Any CPU
		{405677A4-5B6B-4D4E-8F41-FE6160E4441B}.Release|Any CPU.ActiveCfg = Release|Any CPU
		{405677A4-5B6B-4D4E-8F41-FE6160E4441B}.Release|Any CPU.Build.0 = Release|Any CPU
	EndGlobalSection
EndGlobal
